// !$*UTF8*$!
{
	archiveVersion = 1;
	classes = {
	};
	objectVersion = 48;
	objects = {

/* Begin PBXBuildFile section */
		6C7C00D81FD5326900EBA441 /* lightning.m in Sources */ = {isa = PBXBuildFile; fileRef = 6C7C00D71FD5326900EBA441 /* lightning.m */; };
		6C7C00D91FD5326900EBA441 /* lightning.h in CopyFiles */ = {isa = PBXBuildFile; fileRef = 6C7C00D61FD5326900EBA441 /* lightning.h */; };
		6CBE1ECF1FD5345600B1A6CF /* autodata.c in Sources */ = {isa = PBXBuildFile; fileRef = 6CBE1ECE1FD5345600B1A6CF /* autodata.c */; };
/* End PBXBuildFile section */

/* Begin PBXCopyFilesBuildPhase section */
		6C7C00D11FD5326900EBA441 /* CopyFiles */ = {
			isa = PBXCopyFilesBuildPhase;
			buildActionMask = 2147483647;
			dstPath = "include/$(PRODUCT_NAME)";
			dstSubfolderSpec = 16;
			files = (
				6C7C00D91FD5326900EBA441 /* lightning.h in CopyFiles */,
			);
			runOnlyForDeploymentPostprocessing = 0;
		};
/* End PBXCopyFilesBuildPhase section */

/* Begin PBXFileReference section */
		6C7C00D31FD5326900EBA441 /* liblightning.a */ = {isa = PBXFileReference; explicitFileType = archive.ar; includeInIndex = 0; path = liblightning.a; sourceTree = BUILT_PRODUCTS_DIR; };
		6C7C00D61FD5326900EBA441 /* lightning.h */ = {isa = PBXFileReference; lastKnownFileType = sourcecode.c.h; path = lightning.h; sourceTree = "<group>"; };
		6C7C00D71FD5326900EBA441 /* lightning.m */ = {isa = PBXFileReference; lastKnownFileType = sourcecode.c.objc; path = lightning.m; sourceTree = "<group>"; };
		6CBE1ECE1FD5345600B1A6CF /* autodata.c */ = {isa = PBXFileReference; fileEncoding = 4; lastKnownFileType = sourcecode.c.c; name = autodata.c; path = ../../../../../ccan/ccan/autodata/autodata.c; sourceTree = "<group>"; };
/* End PBXFileReference section */

/* Begin PBXFrameworksBuildPhase section */
		6C7C00D01FD5326900EBA441 /* Frameworks */ = {
			isa = PBXFrameworksBuildPhase;
			buildActionMask = 2147483647;
			files = (
			);
			runOnlyForDeploymentPostprocessing = 0;
		};
/* End PBXFrameworksBuildPhase section */

/* Begin PBXGroup section */
		6C7C00CA1FD5326900EBA441 = {
			isa = PBXGroup;
			children = (
				6C7C00D51FD5326900EBA441 /* lightning */,
				6C7C00D41FD5326900EBA441 /* Products */,
			);
			sourceTree = "<group>";
		};
		6C7C00D41FD5326900EBA441 /* Products */ = {
			isa = PBXGroup;
			children = (
				6C7C00D31FD5326900EBA441 /* liblightning.a */,
			);
			name = Products;
			sourceTree = "<group>";
		};
		6C7C00D51FD5326900EBA441 /* lightning */ = {
			isa = PBXGroup;
			children = (
				6CBE1ECD1FD5343700B1A6CF /* ccan */,
				6C7C00D61FD5326900EBA441 /* lightning.h */,
				6C7C00D71FD5326900EBA441 /* lightning.m */,
			);
			path = lightning;
			sourceTree = "<group>";
		};
		6CBE1ECD1FD5343700B1A6CF /* ccan */ = {
			isa = PBXGroup;
			children = (
				6CBE1ECE1FD5345600B1A6CF /* autodata.c */,
			);
			path = ccan;
			sourceTree = "<group>";
		};
/* End PBXGroup section */

/* Begin PBXNativeTarget section */
		6C7C00D21FD5326900EBA441 /* lightning */ = {
			isa = PBXNativeTarget;
			buildConfigurationList = 6C7C00DC1FD5326900EBA441 /* Build configuration list for PBXNativeTarget "lightning" */;
			buildPhases = (
				6C7C00CF1FD5326900EBA441 /* Sources */,
				6C7C00D01FD5326900EBA441 /* Frameworks */,
				6C7C00D11FD5326900EBA441 /* CopyFiles */,
			);
			buildRules = (
			);
			dependencies = (
			);
			name = lightning;
			productName = lightning;
			productReference = 6C7C00D31FD5326900EBA441 /* liblightning.a */;
			productType = "com.apple.product-type.library.static";
		};
/* End PBXNativeTarget section */

/* Begin PBXProject section */
		6C7C00CB1FD5326900EBA441 /* Project object */ = {
			isa = PBXProject;
			attributes = {
				LastUpgradeCheck = 0910;
				ORGANIZATIONNAME = "Linfeng Liang";
				TargetAttributes = {
					6C7C00D21FD5326900EBA441 = {
						CreatedOnToolsVersion = 9.1;
						ProvisioningStyle = Automatic;
					};
				};
			};
			buildConfigurationList = 6C7C00CE1FD5326900EBA441 /* Build configuration list for PBXProject "lightning" */;
			compatibilityVersion = "Xcode 8.0";
			developmentRegion = en;
			hasScannedForEncodings = 0;
			knownRegions = (
				en,
			);
			mainGroup = 6C7C00CA1FD5326900EBA441;
			productRefGroup = 6C7C00D41FD5326900EBA441 /* Products */;
			projectDirPath = "";
			projectRoot = "";
			targets = (
				6C7C00D21FD5326900EBA441 /* lightning */,
			);
		};
/* End PBXProject section */

/* Begin PBXSourcesBuildPhase section */
		6C7C00CF1FD5326900EBA441 /* Sources */ = {
			isa = PBXSourcesBuildPhase;
			buildActionMask = 2147483647;
			files = (
				6CBE1ECF1FD5345600B1A6CF /* autodata.c in Sources */,
				6C7C00D81FD5326900EBA441 /* lightning.m in Sources */,
			);
			runOnlyForDeploymentPostprocessing = 0;
		};
/* End PBXSourcesBuildPhase section */

/* Begin XCBuildConfiguration section */
		6C7C00DA1FD5326900EBA441 /* Debug */ = {
			isa = XCBuildConfiguration;
			buildSettings = {
				ALWAYS_SEARCH_USER_PATHS = NO;
				CLANG_ANALYZER_NONNULL = YES;
				CLANG_ANALYZER_NUMBER_OBJECT_CONVERSION = YES_AGGRESSIVE;
				CLANG_CXX_LANGUAGE_STANDARD = "gnu++14";
				CLANG_CXX_LIBRARY = "libc++";
				CLANG_ENABLE_MODULES = YES;
				CLANG_ENABLE_OBJC_ARC = YES;
				CLANG_WARN_BLOCK_CAPTURE_AUTORELEASING = YES;
				CLANG_WARN_BOOL_CONVERSION = YES;
				CLANG_WARN_COMMA = YES;
				CLANG_WARN_CONSTANT_CONVERSION = YES;
				CLANG_WARN_DIRECT_OBJC_ISA_USAGE = YES_ERROR;
				CLANG_WARN_DOCUMENTATION_COMMENTS = YES;
				CLANG_WARN_EMPTY_BODY = YES;
				CLANG_WARN_ENUM_CONVERSION = YES;
				CLANG_WARN_INFINITE_RECURSION = YES;
				CLANG_WARN_INT_CONVERSION = YES;
				CLANG_WARN_NON_LITERAL_NULL_CONVERSION = YES;
				CLANG_WARN_OBJC_LITERAL_CONVERSION = YES;
				CLANG_WARN_OBJC_ROOT_CLASS = YES_ERROR;
				CLANG_WARN_RANGE_LOOP_ANALYSIS = YES;
				CLANG_WARN_STRICT_PROTOTYPES = YES;
				CLANG_WARN_SUSPICIOUS_MOVE = YES;
				CLANG_WARN_UNGUARDED_AVAILABILITY = YES_AGGRESSIVE;
				CLANG_WARN_UNREACHABLE_CODE = YES;
				CLANG_WARN__DUPLICATE_METHOD_MATCH = YES;
				CODE_SIGN_IDENTITY = "iPhone Developer";
				COPY_PHASE_STRIP = NO;
				DEBUG_INFORMATION_FORMAT = dwarf;
				ENABLE_STRICT_OBJC_MSGSEND = YES;
				ENABLE_TESTABILITY = YES;
				GCC_C_LANGUAGE_STANDARD = gnu11;
				GCC_DYNAMIC_NO_PIC = NO;
				GCC_NO_COMMON_BLOCKS = YES;
				GCC_OPTIMIZATION_LEVEL = 0;
				GCC_PREPROCESSOR_DEFINITIONS = (
					"DEBUG=1",
					"$(inherited)",
				);
				GCC_WARN_64_TO_32_BIT_CONVERSION = YES;
				GCC_WARN_ABOUT_RETURN_TYPE = YES_ERROR;
				GCC_WARN_UNDECLARED_SELECTOR = YES;
				GCC_WARN_UNINITIALIZED_AUTOS = YES_AGGRESSIVE;
				GCC_WARN_UNUSED_FUNCTION = YES;
				GCC_WARN_UNUSED_VARIABLE = YES;
				IPHONEOS_DEPLOYMENT_TARGET = 11.1;
				MTL_ENABLE_DEBUG_INFO = YES;
				ONLY_ACTIVE_ARCH = YES;
				SDKROOT = iphoneos;
			};
			name = Debug;
		};
		6C7C00DB1FD5326900EBA441 /* Release */ = {
			isa = XCBuildConfiguration;
			buildSettings = {
				ALWAYS_SEARCH_USER_PATHS = NO;
				CLANG_ANALYZER_NONNULL = YES;
				CLANG_ANALYZER_NUMBER_OBJECT_CONVERSION = YES_AGGRESSIVE;
				CLANG_CXX_LANGUAGE_STANDARD = "gnu++14";
				CLANG_CXX_LIBRARY = "libc++";
				CLANG_ENABLE_MODULES = YES;
				CLANG_ENABLE_OBJC_ARC = YES;
				CLANG_WARN_BLOCK_CAPTURE_AUTORELEASING = YES;
				CLANG_WARN_BOOL_CONVERSION = YES;
				CLANG_WARN_COMMA = YES;
				CLANG_WARN_CONSTANT_CONVERSION = YES;
				CLANG_WARN_DIRECT_OBJC_ISA_USAGE = YES_ERROR;
				CLANG_WARN_DOCUMENTATION_COMMENTS = YES;
				CLANG_WARN_EMPTY_BODY = YES;
				CLANG_WARN_ENUM_CONVERSION = YES;
				CLANG_WARN_INFINITE_RECURSION = YES;
				CLANG_WARN_INT_CONVERSION = YES;
				CLANG_WARN_NON_LITERAL_NULL_CONVERSION = YES;
				CLANG_WARN_OBJC_LITERAL_CONVERSION = YES;
				CLANG_WARN_OBJC_ROOT_CLASS = YES_ERROR;
				CLANG_WARN_RANGE_LOOP_ANALYSIS = YES;
				CLANG_WARN_STRICT_PROTOTYPES = YES;
				CLANG_WARN_SUSPICIOUS_MOVE = YES;
				CLANG_WARN_UNGUARDED_AVAILABILITY = YES_AGGRESSIVE;
				CLANG_WARN_UNREACHABLE_CODE = YES;
				CLANG_WARN__DUPLICATE_METHOD_MATCH = YES;
				CODE_SIGN_IDENTITY = "iPhone Developer";
				COPY_PHASE_STRIP = NO;
				DEBUG_INFORMATION_FORMAT = "dwarf-with-dsym";
				ENABLE_NS_ASSERTIONS = NO;
				ENABLE_STRICT_OBJC_MSGSEND = YES;
				GCC_C_LANGUAGE_STANDARD = gnu11;
				GCC_NO_COMMON_BLOCKS = YES;
				GCC_WARN_64_TO_32_BIT_CONVERSION = YES;
				GCC_WARN_ABOUT_RETURN_TYPE = YES_ERROR;
				GCC_WARN_UNDECLARED_SELECTOR = YES;
				GCC_WARN_UNINITIALIZED_AUTOS = YES_AGGRESSIVE;
				GCC_WARN_UNUSED_FUNCTION = YES;
				GCC_WARN_UNUSED_VARIABLE = YES;
				IPHONEOS_DEPLOYMENT_TARGET = 11.1;
				MTL_ENABLE_DEBUG_INFO = NO;
				SDKROOT = iphoneos;
				VALIDATE_PRODUCT = YES;
			};
			name = Release;
		};
		6C7C00DD1FD5326900EBA441 /* Debug */ = {
			isa = XCBuildConfiguration;
			buildSettings = {
				CODE_SIGN_STYLE = Automatic;
				HEADER_SEARCH_PATHS = (
					"$(SRCROOT)/../../../include/ios",
					"$(SRCROOT)/../../../include",
					"$(SRCROOT)/../../../ccan",
				);
				OTHER_LDFLAGS = "-ObjC";
				PRODUCT_NAME = "$(TARGET_NAME)";
				SKIP_INSTALL = YES;
				TARGETED_DEVICE_FAMILY = "1,2";
			};
			name = Debug;
		};
		6C7C00DE1FD5326900EBA441 /* Release */ = {
			isa = XCBuildConfiguration;
			buildSettings = {
				CODE_SIGN_STYLE = Automatic;
				HEADER_SEARCH_PATHS = (
					"$(SRCROOT)/../../../include/ios",
					"$(SRCROOT)/../../../include",
					"$(SRCROOT)/../../../ccan",
				);
				OTHER_LDFLAGS = "-ObjC";
				PRODUCT_NAME = "$(TARGET_NAME)";
				SKIP_INSTALL = YES;
				TARGETED_DEVICE_FAMILY = "1,2";
			};
			name = Release;
		};
/* End XCBuildConfiguration section */

/* Begin XCConfigurationList section */
		6C7C00CE1FD5326900EBA441 /* Build configuration list for PBXProject "lightning" */ = {
			isa = XCConfigurationList;
			buildConfigurations = (
				6C7C00DA1FD5326900EBA441 /* Debug */,
				6C7C00DB1FD5326900EBA441 /* Release */,
			);
			defaultConfigurationIsVisible = 0;
			defaultConfigurationName = Release;
		};
		6C7C00DC1FD5326900EBA441 /* Build configuration list for PBXNativeTarget "lightning" */ = {
			isa = XCConfigurationList;
			buildConfigurations = (
				6C7C00DD1FD5326900EBA441 /* Debug */,
				6C7C00DE1FD5326900EBA441 /* Release */,
			);
			defaultConfigurationIsVisible = 0;
			defaultConfigurationName = Release;
		};
/* End XCConfigurationList section */
	};
	rootObject = 6C7C00CB1FD5326900EBA441 /* Project object */;
}
